
Microsoft Visual Studio Solution File, Format Version 12.00
# Visual Studio 14
VisualStudioVersion = 14.0.23107.0
MinimumVisualStudioVersion = 10.0.40219.1
Project("{FAE04EC0-301F-11D3-BF4B-00C04F79EFBC}") = "CaasDeploy", "CaasDeploy\CaasDeploy.csproj", "{13556378-32E3-4E3A-B34B-A97FEE7D658F}"
EndProject
Project("{FAE04EC0-301F-11D3-BF4B-00C04F79EFBC}") = "CaasDeploy.Library", "CaaSDeploy.Library\CaasDeploy.Library.csproj", "{BA304B6F-B2C3-4F65-A9DE-5A1A5E4951EF}"
EndProject
Project("{FAE04EC0-301F-11D3-BF4B-00C04F79EFBC}") = "CaasDeploy.Library.Tests", "CaaSDeploy.Library.Tests\CaasDeploy.Library.Tests.csproj", "{1F7F2CDB-B824-4276-834C-B88D590ED011}"
EndProject
Project("{FAE04EC0-301F-11D3-BF4B-00C04F79EFBC}") = "CaasDeploy.PowerShell", "CaasDeploy.PowerShell\CaasDeploy.PowerShell.csproj", "{A86F972D-CA65-498C-8C94-0600CAE944B0}"
EndProject
Project("{FAE04EC0-301F-11D3-BF4B-00C04F79EFBC}") = "CaasDeploy.Orchestration.Docs", "CaasDeploy.Orchestration.Docs\CaasDeploy.Orchestration.Docs.csproj", "{4EAAD5FD-B85D-41FE-9A43-3E1CCD2E9165}"
EndProject
Global
	GlobalSection(SolutionConfigurationPlatforms) = preSolution
		Debug|Any CPU = Debug|Any CPU
		Release|Any CPU = Release|Any CPU
	EndGlobalSection
	GlobalSection(ProjectConfigurationPlatforms) = postSolution
		{13556378-32E3-4E3A-B34B-A97FEE7D658F}.Debug|Any CPU.ActiveCfg = Debug|Any CPU
		{13556378-32E3-4E3A-B34B-A97FEE7D658F}.Debug|Any CPU.Build.0 = Debug|Any CPU
		{13556378-32E3-4E3A-B34B-A97FEE7D658F}.Release|Any CPU.ActiveCfg = Release|Any CPU
		{13556378-32E3-4E3A-B34B-A97FEE7D658F}.Release|Any CPU.Build.0 = Release|Any CPU
		{BA304B6F-B2C3-4F65-A9DE-5A1A5E4951EF}.Debug|Any CPU.ActiveCfg = Debug|Any CPU
		{BA304B6F-B2C3-4F65-A9DE-5A1A5E4951EF}.Debug|Any CPU.Build.0 = Debug|Any CPU
		{BA304B6F-B2C3-4F65-A9DE-5A1A5E4951EF}.Release|Any CPU.ActiveCfg = Release|Any CPU
		{BA304B6F-B2C3-4F65-A9DE-5A1A5E4951EF}.Release|Any CPU.Build.0 = Release|Any CPU
		{1F7F2CDB-B824-4276-834C-B88D590ED011}.Debug|Any CPU.ActiveCfg = Debug|Any CPU
		{1F7F2CDB-B824-4276-834C-B88D590ED011}.Debug|Any CPU.Build.0 = Debug|Any CPU
		{1F7F2CDB-B824-4276-834C-B88D590ED011}.Release|Any CPU.ActiveCfg = Release|Any CPU
		{1F7F2CDB-B824-4276-834C-B88D590ED011}.Release|Any CPU.Build.0 = Release|Any CPU
		{A86F972D-CA65-498C-8C94-0600CAE944B0}.Debug|Any CPU.ActiveCfg = Debug|Any CPU
		{A86F972D-CA65-498C-8C94-0600CAE944B0}.Debug|Any CPU.Build.0 = Debug|Any CPU
		{A86F972D-CA65-498C-8C94-0600CAE944B0}.Release|Any CPU.ActiveCfg = Release|Any CPU
		{A86F972D-CA65-498C-8C94-0600CAE944B0}.Release|Any CPU.Build.0 = Release|Any CPU
		{4EAAD5FD-B85D-41FE-9A43-3E1CCD2E9165}.Debug|Any CPU.ActiveCfg = Debug|Any CPU
		{4EAAD5FD-B85D-41FE-9A43-3E1CCD2E9165}.Debug|Any CPU.Build.0 = Debug|Any CPU
		{4EAAD5FD-B85D-41FE-9A43-3E1CCD2E9165}.Release|Any CPU.ActiveCfg = Release|Any CPU
		{4EAAD5FD-B85D-41FE-9A43-3E1CCD2E9165}.Release|Any CPU.Build.0 = Release|Any CPU
	EndGlobalSection
	GlobalSection(SolutionProperties) = preSolution
		HideSolutionNode = FALSE
	EndGlobalSection
EndGlobal
